
Microsoft Visual Studio Solution File, Format Version 12.00
# Visual Studio Version 17
VisualStudioVersion = 17.7.34024.191
MinimumVisualStudioVersion = 10.0.40219.1
Project("{9A19103F-16F7-4668-BE54-9A1E7A4F7556}") = "MemberManagement.Server", "Server\MemberManagement.Server.csproj", "{AEBEA777-8165-43FA-BACF-C71D61CBD45C}"
EndProject
Project("{9A19103F-16F7-4668-BE54-9A1E7A4F7556}") = "MemberManagement.Client", "Client\MemberManagement.Client.csproj", "{8EAA84C0-D8E3-447C-8133-4407A38005E9}"
EndProject
Project("{9A19103F-16F7-4668-BE54-9A1E7A4F7556}") = "MemberManagement.Shared", "Shared\MemberManagement.Shared.csproj", "{5CDC6D86-B7B0-496F-B06D-A272AEBF126A}"
EndProject
Global
	GlobalSection(SolutionConfigurationPlatforms) = preSolution
		Debug|Any CPU = Debug|Any CPU
		Release|Any CPU = Release|Any CPU
	EndGlobalSection
	GlobalSection(ProjectConfigurationPlatforms) = postSolution
		{AEBEA777-8165-43FA-BACF-C71D61CBD45C}.Debug|Any CPU.ActiveCfg = Debug|Any CPU
		{AEBEA777-8165-43FA-BACF-C71D61CBD45C}.Debug|Any CPU.Build.0 = Debug|Any CPU
		{AEBEA777-8165-43FA-BACF-C71D61CBD45C}.Release|Any CPU.ActiveCfg = Release|Any CPU
		{AEBEA777-8165-43FA-BACF-C71D61CBD45C}.Release|Any CPU.Build.0 = Release|Any CPU
		{8EAA84C0-D8E3-447C-8133-4407A38005E9}.Debug|Any CPU.ActiveCfg = Debug|Any CPU
		{8EAA84C0-D8E3-447C-8133-4407A38005E9}.Debug|Any CPU.Build.0 = Debug|Any CPU
		{8EAA84C0-D8E3-447C-8133-4407A38005E9}.Release|Any CPU.ActiveCfg = Release|Any CPU
		{8EAA84C0-D8E3-447C-8133-4407A38005E9}.Release|Any CPU.Build.0 = Release|Any CPU
		{5CDC6D86-B7B0-496F-B06D-A272AEBF126A}.Debug|Any CPU.ActiveCfg = Debug|Any CPU
		{5CDC6D86-B7B0-496F-B06D-A272AEBF126A}.Debug|Any CPU.Build.0 = Debug|Any CPU
		{5CDC6D86-B7B0-496F-B06D-A272AEBF126A}.Release|Any CPU.ActiveCfg = Release|Any CPU
		{5CDC6D86-B7B0-496F-B06D-A272AEBF126A}.Release|Any CPU.Build.0 = Release|Any CPU
	EndGlobalSection
	GlobalSection(SolutionProperties) = preSolution
		HideSolutionNode = FALSE
	EndGlobalSection
	GlobalSection(ExtensibilityGlobals) = postSolution
		SolutionGuid = {4E824B73-6913-461D-BADE-3C32AB8F3E6E}
	EndGlobalSection
EndGlobal
